// !$*UTF8*$!
{
	archiveVersion = 1;
	classes = {
	};
	objectVersion = 70;
	objects = {

/* Begin PBXBuildFile section */
		551573E2273B5D490048F779 /* ReminderRxApp.swift in Sources */ = {isa = PBXBuildFile; fileRef = 551573E1273B5D490048F779 /* ReminderRxApp.swift */; };
		551573E6273B5D4A0048F779 /* Assets.xcassets in Resources */ = {isa = PBXBuildFile; fileRef = 551573E5273B5D4A0048F779 /* Assets.xcassets */; };
		551573E9273B5D4A0048F779 /* Preview Assets.xcassets in Resources */ = {isa = PBXBuildFile; fileRef = 551573E8273B5D4A0048F779 /* Preview Assets.xcassets */; };
		5551DD0B27668E200002E873 /* Prescriptions.xcdatamodeld in Sources */ = {isa = PBXBuildFile; fileRef = 5551DD0927668E200002E873 /* Prescriptions.xcdatamodeld */; };
		559F58E630747E5200F0EC6E /* WidgetKit.framework in Frameworks */ = {isa = PBXBuildFile; fileRef = 559F58E530747E5200F0EC6E /* WidgetKit.framework */; };
		559F58E830747E5200F0EC6E /* SwiftUI.framework in Frameworks */ = {isa = PBXBuildFile; fileRef = 559F58E730747E5200F0EC6E /* SwiftUI.framework */; };
		559F58F330747E5200F0EC6E /* ReminderRxWidgetsExtension.appex in Embed Foundation Extensions */ = {isa = PBXBuildFile; fileRef = 559F58E330747E5200F0EC6E /* ReminderRxWidgetsExtension.appex */; settings = {ATTRIBUTES = (RemoveHeadersOnCopy, ); }; };
		559F591030747E8D00F0EC6E /* ReminderRxKit.framework in Frameworks */ = {isa = PBXBuildFile; fileRef = 559F590A30747E8D00F0EC6E /* ReminderRxKit.framework */; };
		559F591130747E8D00F0EC6E /* ReminderRxKit.framework in Embed Frameworks */ = {isa = PBXBuildFile; fileRef = 559F590A30747E8D00F0EC6E /* ReminderRxKit.framework */; settings = {ATTRIBUTES = (CodeSignOnCopy, RemoveHeadersOnCopy, ); }; };
		559F59343074803200F0EC6E /* LegacyImporter.swift in Sources */ = {isa = PBXBuildFile; fileRef = 559F59333074803200F0EC6E /* LegacyImporter.swift */; };
		559F59443074823D00F0EC6E /* AppDelegate.swift in Sources */ = {isa = PBXBuildFile; fileRef = 559F59433074823D00F0EC6E /* AppDelegate.swift */; };
		559F59463074823D00F0EC6E /* NotificationService.swift in Sources */ = {isa = PBXBuildFile; fileRef = 559F59453074823D00F0EC6E /* NotificationService.swift */; };
		559F594D3074842D00F0EC6E /* Theme.swift in Sources */ = {isa = PBXBuildFile; fileRef = 559F594C3074842D00F0EC6E /* Theme.swift */; };
		559F594F3074842D00F0EC6E /* MedIcon.swift in Sources */ = {isa = PBXBuildFile; fileRef = 559F594E3074842D00F0EC6E /* MedIcon.swift */; };
		559F59513074842D00F0EC6E /* ProgressRing.swift in Sources */ = {isa = PBXBuildFile; fileRef = 559F59503074842D00F0EC6E /* ProgressRing.swift */; };
		559F59533074842D00F0EC6E /* SupplyBar.swift in Sources */ = {isa = PBXBuildFile; fileRef = 559F59523074842D00F0EC6E /* SupplyBar.swift */; };
		559F59553074842E00F0EC6E /* CelebrationView.swift in Sources */ = {isa = PBXBuildFile; fileRef = 559F59543074842E00F0EC6E /* CelebrationView.swift */; };
		559F59583074844E00F0EC6E /* AppRouter.swift in Sources */ = {isa = PBXBuildFile; fileRef = 559F59573074844E00F0EC6E /* AppRouter.swift */; };
		559F595B3074844E00F0EC6E /* DayPeriod.swift in Sources */ = {isa = PBXBuildFile; fileRef = 559F595A3074844E00F0EC6E /* DayPeriod.swift */; };
		559F595D3074845E00F0EC6E /* DoseRow.swift in Sources */ = {isa = PBXBuildFile; fileRef = 559F595C3074845E00F0EC6E /* DoseRow.swift */; };
		559F595F3074845E00F0EC6E /* TodayHeader.swift in Sources */ = {isa = PBXBuildFile; fileRef = 559F595E3074845E00F0EC6E /* TodayHeader.swift */; };
		559F59613074847D00F0EC6E /* TodayView.swift in Sources */ = {isa = PBXBuildFile; fileRef = 559F59603074847D00F0EC6E /* TodayView.swift */; };
		559F5964307484C200F0EC6E /* MedicationEditorModel.swift in Sources */ = {isa = PBXBuildFile; fileRef = 559F5963307484C200F0EC6E /* MedicationEditorModel.swift */; };
		559F5966307484C200F0EC6E /* MedicationEditorView.swift in Sources */ = {isa = PBXBuildFile; fileRef = 559F5965307484C200F0EC6E /* MedicationEditorView.swift */; };
		559F5969307484D200F0EC6E /* MedicationsView.swift in Sources */ = {isa = PBXBuildFile; fileRef = 559F5968307484D200F0EC6E /* MedicationsView.swift */; };
		559F596C3074851300F0EC6E /* HistoryView.swift in Sources */ = {isa = PBXBuildFile; fileRef = 559F596B3074851300F0EC6E /* HistoryView.swift */; };
		559F596F3074855200F0EC6E /* SettingsView.swift in Sources */ = {isa = PBXBuildFile; fileRef = 559F596E3074855200F0EC6E /* SettingsView.swift */; };
		559F59723074855200F0EC6E /* OnboardingView.swift in Sources */ = {isa = PBXBuildFile; fileRef = 559F59713074855200F0EC6E /* OnboardingView.swift */; };
		559F59743074855200F0EC6E /* RootView.swift in Sources */ = {isa = PBXBuildFile; fileRef = 559F59733074855200F0EC6E /* RootView.swift */; };
		559F597D307486A400F0EC6E /* AppShortcuts.swift in Sources */ = {isa = PBXBuildFile; fileRef = 559F597C307486A400F0EC6E /* AppShortcuts.swift */; };
		559F597F3074871400F0EC6E /* HealthImportService.swift in Sources */ = {isa = PBXBuildFile; fileRef = 559F597E3074871400F0EC6E /* HealthImportService.swift */; };
		559F59813074871400F0EC6E /* HealthImportView.swift in Sources */ = {isa = PBXBuildFile; fileRef = 559F59803074871400F0EC6E /* HealthImportView.swift */; };
/* End PBXBuildFile section */

/* Begin PBXContainerItemProxy section */
		559F58F130747E5200F0EC6E /* PBXContainerItemProxy */ = {
			isa = PBXContainerItemProxy;
			containerPortal = 551573D6273B5D490048F779 /* Project object */;
			proxyType = 1;
			remoteGlobalIDString = 559F58E230747E5200F0EC6E;
			remoteInfo = ReminderRxWidgetsExtension;
		};
		559F590E30747E8D00F0EC6E /* PBXContainerItemProxy */ = {
			isa = PBXContainerItemProxy;
			containerPortal = 551573D6273B5D490048F779 /* Project object */;
			proxyType = 1;
			remoteGlobalIDString = 559F590930747E8D00F0EC6E;
			remoteInfo = ReminderRxKit;
		};
/* End PBXContainerItemProxy section */

/* Begin PBXCopyFilesBuildPhase section */
		559F58F830747E5200F0EC6E /* Embed Foundation Extensions */ = {
			isa = PBXCopyFilesBuildPhase;
			buildActionMask = 2147483647;
			dstPath = "";
			dstSubfolderSpec = 13;
			files = (
				559F58F330747E5200F0EC6E /* ReminderRxWidgetsExtension.appex in Embed Foundation Extensions */,
			);
			name = "Embed Foundation Extensions";
			runOnlyForDeploymentPostprocessing = 0;
		};
		559F591530747E8D00F0EC6E /* Embed Frameworks */ = {
			isa = PBXCopyFilesBuildPhase;
			buildActionMask = 2147483647;
			dstPath = "";
			dstSubfolderSpec = 10;
			files = (
				559F591130747E8D00F0EC6E /* ReminderRxKit.framework in Embed Frameworks */,
			);
			name = "Embed Frameworks";
			runOnlyForDeploymentPostprocessing = 0;
		};
/* End PBXCopyFilesBuildPhase section */

/* Begin PBXFileReference section */
		551573DE273B5D490048F779 /* Script Tracker.app */ = {isa = PBXFileReference; explicitFileType = wrapper.application; includeInIndex = 0; path = "Script Tracker.app"; sourceTree = BUILT_PRODUCTS_DIR; };
		551573E1273B5D490048F779 /* ReminderRxApp.swift */ = {isa = PBXFileReference; lastKnownFileType = sourcecode.swift; path = ReminderRxApp.swift; sourceTree = "<group>"; };
		551573E5273B5D4A0048F779 /* Assets.xcassets */ = {isa = PBXFileReference; lastKnownFileType = folder.assetcatalog; path = Assets.xcassets; sourceTree = "<group>"; };
		551573E8273B5D4A0048F779 /* Preview Assets.xcassets */ = {isa = PBXFileReference; lastKnownFileType = folder.assetcatalog; path = "Preview Assets.xcassets"; sourceTree = "<group>"; };
		5551DD0A27668E200002E873 /* Prescriptions.xcdatamodeld.xcdatamodel */ = {isa = PBXFileReference; lastKnownFileType = wrapper.xcdatamodel; path = Prescriptions.xcdatamodeld.xcdatamodel; sourceTree = "<group>"; };
		559F58DE30747E4F00F0EC6E /* ReminderRx.entitlements */ = {isa = PBXFileReference; lastKnownFileType = text.plist.entitlements; path = ReminderRx.entitlements; sourceTree = "<group>"; };
		559F58E330747E5200F0EC6E /* ReminderRxWidgetsExtension.appex */ = {isa = PBXFileReference; explicitFileType = "wrapper.app-extension"; includeInIndex = 0; path = ReminderRxWidgetsExtension.appex; sourceTree = BUILT_PRODUCTS_DIR; };
		559F58E530747E5200F0EC6E /* WidgetKit.framework */ = {isa = PBXFileReference; lastKnownFileType = wrapper.framework; name = WidgetKit.framework; path = /System/Library/Frameworks/WidgetKit.framework; sourceTree = "<absolute>"; };
		559F58E730747E5200F0EC6E /* SwiftUI.framework */ = {isa = PBXFileReference; lastKnownFileType = wrapper.framework; name = SwiftUI.framework; path = /System/Library/Frameworks/SwiftUI.framework; sourceTree = "<absolute>"; };
		559F58FD30747E5800F0EC6E /* ReminderRxTests.xctest */ = {isa = PBXFileReference; explicitFileType = wrapper.cfbundle; includeInIndex = 0; path = ReminderRxTests.xctest; sourceTree = BUILT_PRODUCTS_DIR; };
		559F590430747E5800F0EC6E /* ReminderRxWidgetsExtension.entitlements */ = {isa = PBXFileReference; lastKnownFileType = text.plist.entitlements; path = ReminderRxWidgetsExtension.entitlements; sourceTree = "<group>"; };
		559F590A30747E8D00F0EC6E /* ReminderRxKit.framework */ = {isa = PBXFileReference; explicitFileType = wrapper.framework; includeInIndex = 0; path = ReminderRxKit.framework; sourceTree = BUILT_PRODUCTS_DIR; };
		559F59333074803200F0EC6E /* LegacyImporter.swift */ = {isa = PBXFileReference; lastKnownFileType = sourcecode.swift; path = LegacyImporter.swift; sourceTree = "<group>"; };
		559F59433074823D00F0EC6E /* AppDelegate.swift */ = {isa = PBXFileReference; lastKnownFileType = sourcecode.swift; path = AppDelegate.swift; sourceTree = "<group>"; };
		559F59453074823D00F0EC6E /* NotificationService.swift */ = {isa = PBXFileReference; lastKnownFileType = sourcecode.swift; path = NotificationService.swift; sourceTree = "<group>"; };
		559F594C3074842D00F0EC6E /* Theme.swift */ = {isa = PBXFileReference; lastKnownFileType = sourcecode.swift; path = Theme.swift; sourceTree = "<group>"; };
		559F594E3074842D00F0EC6E /* MedIcon.swift */ = {isa = PBXFileReference; lastKnownFileType = sourcecode.swift; path = MedIcon.swift; sourceTree = "<group>"; };
		559F59503074842D00F0EC6E /* ProgressRing.swift */ = {isa = PBXFileReference; lastKnownFileType = sourcecode.swift; path = ProgressRing.swift; sourceTree = "<group>"; };
		559F59523074842D00F0EC6E /* SupplyBar.swift */ = {isa = PBXFileReference; lastKnownFileType = sourcecode.swift; path = SupplyBar.swift; sourceTree = "<group>"; };
		559F59543074842E00F0EC6E /* CelebrationView.swift */ = {isa = PBXFileReference; lastKnownFileType = sourcecode.swift; path = CelebrationView.swift; sourceTree = "<group>"; };
		559F59573074844E00F0EC6E /* AppRouter.swift */ = {isa = PBXFileReference; lastKnownFileType = sourcecode.swift; path = AppRouter.swift; sourceTree = "<group>"; };
		559F595A3074844E00F0EC6E /* DayPeriod.swift */ = {isa = PBXFileReference; lastKnownFileType = sourcecode.swift; path = DayPeriod.swift; sourceTree = "<group>"; };
		559F595C3074845E00F0EC6E /* DoseRow.swift */ = {isa = PBXFileReference; lastKnownFileType = sourcecode.swift; path = DoseRow.swift; sourceTree = "<group>"; };
		559F595E3074845E00F0EC6E /* TodayHeader.swift */ = {isa = PBXFileReference; lastKnownFileType = sourcecode.swift; path = TodayHeader.swift; sourceTree = "<group>"; };
		559F59603074847D00F0EC6E /* TodayView.swift */ = {isa = PBXFileReference; lastKnownFileType = sourcecode.swift; path = TodayView.swift; sourceTree = "<group>"; };
		559F5963307484C200F0EC6E /* MedicationEditorModel.swift */ = {isa = PBXFileReference; lastKnownFileType = sourcecode.swift; path = MedicationEditorModel.swift; sourceTree = "<group>"; };
		559F5965307484C200F0EC6E /* MedicationEditorView.swift */ = {isa = PBXFileReference; lastKnownFileType = sourcecode.swift; path = MedicationEditorView.swift; sourceTree = "<group>"; };
		559F5968307484D200F0EC6E /* MedicationsView.swift */ = {isa = PBXFileReference; lastKnownFileType = sourcecode.swift; path = MedicationsView.swift; sourceTree = "<group>"; };
		559F596B3074851300F0EC6E /* HistoryView.swift */ = {isa = PBXFileReference; lastKnownFileType = sourcecode.swift; path = HistoryView.swift; sourceTree = "<group>"; };
		559F596E3074855200F0EC6E /* SettingsView.swift */ = {isa = PBXFileReference; lastKnownFileType = sourcecode.swift; path = SettingsView.swift; sourceTree = "<group>"; };
		559F59713074855200F0EC6E /* OnboardingView.swift */ = {isa = PBXFileReference; lastKnownFileType = sourcecode.swift; path = OnboardingView.swift; sourceTree = "<group>"; };
		559F59733074855200F0EC6E /* RootView.swift */ = {isa = PBXFileReference; lastKnownFileType = sourcecode.swift; path = RootView.swift; sourceTree = "<group>"; };
		559F597C307486A400F0EC6E /* AppShortcuts.swift */ = {isa = PBXFileReference; lastKnownFileType = sourcecode.swift; path = AppShortcuts.swift; sourceTree = "<group>"; };
		559F597E3074871400F0EC6E /* HealthImportService.swift */ = {isa = PBXFileReference; lastKnownFileType = sourcecode.swift; path = HealthImportService.swift; sourceTree = "<group>"; };
		559F59803074871400F0EC6E /* HealthImportView.swift */ = {isa = PBXFileReference; lastKnownFileType = sourcecode.swift; path = HealthImportView.swift; sourceTree = "<group>"; };
/* End PBXFileReference section */

/* Begin PBXFileSystemSynchronizedBuildFileExceptionSet section */
		559F58F430747E5200F0EC6E /* PBXFileSystemSynchronizedBuildFileExceptionSet */ = {
			isa = PBXFileSystemSynchronizedBuildFileExceptionSet;
			membershipExceptions = (
				Info.plist,
			);
			target = 559F58E230747E5200F0EC6E /* ReminderRxWidgetsExtension */;
		};
/* End PBXFileSystemSynchronizedBuildFileExceptionSet section */

/* Begin PBXFileSystemSynchronizedRootGroup section */
		559F58E930747E5200F0EC6E /* ReminderRxWidgets */ = {isa = PBXFileSystemSynchronizedRootGroup; exceptions = (559F58F430747E5200F0EC6E /* PBXFileSystemSynchronizedBuildFileExceptionSet */, ); explicitFileTypes = {}; explicitFolders = (); path = ReminderRxWidgets; sourceTree = "<group>"; };
		559F58FE30747E5800F0EC6E /* ReminderRxTests */ = {isa = PBXFileSystemSynchronizedRootGroup; explicitFileTypes = {}; explicitFolders = (); path = ReminderRxTests; sourceTree = "<group>"; };
		559F590B30747E8D00F0EC6E /* ReminderRxKit */ = {isa = PBXFileSystemSynchronizedRootGroup; explicitFileTypes = {}; explicitFolders = (); path = ReminderRxKit; sourceTree = "<group>"; };
/* End PBXFileSystemSynchronizedRootGroup section */

/* Begin PBXFrameworksBuildPhase section */
		551573DB273B5D490048F779 /* Frameworks */ = {
			isa = PBXFrameworksBuildPhase;
			buildActionMask = 2147483647;
			files = (
				559F591030747E8D00F0EC6E /* ReminderRxKit.framework in Frameworks */,
			);
			runOnlyForDeploymentPostprocessing = 0;
		};
		559F58E030747E5200F0EC6E /* Frameworks */ = {
			isa = PBXFrameworksBuildPhase;
			buildActionMask = 2147483647;
			files = (
				559F58E830747E5200F0EC6E /* SwiftUI.framework in Frameworks */,
				559F58E630747E5200F0EC6E /* WidgetKit.framework in Frameworks */,
			);
			runOnlyForDeploymentPostprocessing = 0;
		};
		559F58FA30747E5800F0EC6E /* Frameworks */ = {
			isa = PBXFrameworksBuildPhase;
			buildActionMask = 2147483647;
			files = (
			);
			runOnlyForDeploymentPostprocessing = 0;
		};
		559F590730747E8D00F0EC6E /* Frameworks */ = {
			isa = PBXFrameworksBuildPhase;
			buildActionMask = 2147483647;
			files = (
			);
			runOnlyForDeploymentPostprocessing = 0;
		};
/* End PBXFrameworksBuildPhase section */

/* Begin PBXGroup section */
		551573D5273B5D490048F779 = {
			isa = PBXGroup;
			children = (
				559F590430747E5800F0EC6E /* ReminderRxWidgetsExtension.entitlements */,
				551573E0273B5D490048F779 /* ReminderRx */,
				5551DD0927668E200002E873 /* Prescriptions.xcdatamodeld */,
				559F58E930747E5200F0EC6E /* ReminderRxWidgets */,
				559F58FE30747E5800F0EC6E /* ReminderRxTests */,
				559F590B30747E8D00F0EC6E /* ReminderRxKit */,
				559F58E430747E5200F0EC6E /* Frameworks */,
				551573DF273B5D490048F779 /* Products */,
			);
			sourceTree = "<group>";
		};
		551573DF273B5D490048F779 /* Products */ = {
			isa = PBXGroup;
			children = (
				551573DE273B5D490048F779 /* Script Tracker.app */,
				559F58E330747E5200F0EC6E /* ReminderRxWidgetsExtension.appex */,
				559F58FD30747E5800F0EC6E /* ReminderRxTests.xctest */,
				559F590A30747E8D00F0EC6E /* ReminderRxKit.framework */,
			);
			name = Products;
			sourceTree = "<group>";
		};
		551573E0273B5D490048F779 /* ReminderRx */ = {
			isa = PBXGroup;
			children = (
				559F58DE30747E4F00F0EC6E /* ReminderRx.entitlements */,
				551573E1273B5D490048F779 /* ReminderRxApp.swift */,
				551573E5273B5D4A0048F779 /* Assets.xcassets */,
				551573E7273B5D4A0048F779 /* Preview Content */,
				559F59323074803200F0EC6E /* Migration */,
				559F59423074823D00F0EC6E /* Services */,
				559F594B3074842D00F0EC6E /* Design */,
				559F59563074844E00F0EC6E /* Screens */,
			);
			path = ReminderRx;
			sourceTree = "<group>";
		};
		551573E7273B5D4A0048F779 /* Preview Content */ = {
			isa = PBXGroup;
			children = (
				551573E8273B5D4A0048F779 /* Preview Assets.xcassets */,
			);
			path = "Preview Content";
			sourceTree = "<group>";
		};
		559F58E430747E5200F0EC6E /* Frameworks */ = {
			isa = PBXGroup;
			children = (
				559F58E530747E5200F0EC6E /* WidgetKit.framework */,
				559F58E730747E5200F0EC6E /* SwiftUI.framework */,
			);
			name = Frameworks;
			sourceTree = "<group>";
		};
		559F59323074803200F0EC6E /* Migration */ = {
			isa = PBXGroup;
			children = (
				559F59333074803200F0EC6E /* LegacyImporter.swift */,
			);
			path = Migration;
			sourceTree = "<group>";
		};
		559F59423074823D00F0EC6E /* Services */ = {
			isa = PBXGroup;
			children = (
				559F59433074823D00F0EC6E /* AppDelegate.swift */,
				559F59453074823D00F0EC6E /* NotificationService.swift */,
				559F59573074844E00F0EC6E /* AppRouter.swift */,
				559F597C307486A400F0EC6E /* AppShortcuts.swift */,
				559F597E3074871400F0EC6E /* HealthImportService.swift */,
			);
			path = Services;
			sourceTree = "<group>";
		};
		559F594B3074842D00F0EC6E /* Design */ = {
			isa = PBXGroup;
			children = (
				559F594C3074842D00F0EC6E /* Theme.swift */,
				559F594E3074842D00F0EC6E /* MedIcon.swift */,
				559F59503074842D00F0EC6E /* ProgressRing.swift */,
				559F59523074842D00F0EC6E /* SupplyBar.swift */,
				559F59543074842E00F0EC6E /* CelebrationView.swift */,
			);
			path = Design;
			sourceTree = "<group>";
		};
		559F59563074844E00F0EC6E /* Screens */ = {
			isa = PBXGroup;
			children = (
				559F59593074844E00F0EC6E /* Today */,
				559F5962307484C200F0EC6E /* Editor */,
				559F5967307484D200F0EC6E /* Medications */,
				559F596A3074851300F0EC6E /* History */,
				559F596D3074855200F0EC6E /* Settings */,
				559F59703074855200F0EC6E /* Onboarding */,
				559F59733074855200F0EC6E /* RootView.swift */,
			);
			path = Screens;
			sourceTree = "<group>";
		};
		559F59593074844E00F0EC6E /* Today */ = {
			isa = PBXGroup;
			children = (
				559F595A3074844E00F0EC6E /* DayPeriod.swift */,
				559F595C3074845E00F0EC6E /* DoseRow.swift */,
				559F595E3074845E00F0EC6E /* TodayHeader.swift */,
				559F59603074847D00F0EC6E /* TodayView.swift */,
			);
			path = Today;
			sourceTree = "<group>";
		};
		559F5962307484C200F0EC6E /* Editor */ = {
			isa = PBXGroup;
			children = (
				559F5963307484C200F0EC6E /* MedicationEditorModel.swift */,
				559F5965307484C200F0EC6E /* MedicationEditorView.swift */,
			);
			path = Editor;
			sourceTree = "<group>";
		};
		559F5967307484D200F0EC6E /* Medications */ = {
			isa = PBXGroup;
			children = (
				559F5968307484D200F0EC6E /* MedicationsView.swift */,
				559F59803074871400F0EC6E /* HealthImportView.swift */,
			);
			path = Medications;
			sourceTree = "<group>";
		};
		559F596A3074851300F0EC6E /* History */ = {
			isa = PBXGroup;
			children = (
				559F596B3074851300F0EC6E /* HistoryView.swift */,
			);
			path = History;
			sourceTree = "<group>";
		};
		559F596D3074855200F0EC6E /* Settings */ = {
			isa = PBXGroup;
			children = (
				559F596E3074855200F0EC6E /* SettingsView.swift */,
			);
			path = Settings;
			sourceTree = "<group>";
		};
		559F59703074855200F0EC6E /* Onboarding */ = {
			isa = PBXGroup;
			children = (
				559F59713074855200F0EC6E /* OnboardingView.swift */,
			);
			path = Onboarding;
			sourceTree = "<group>";
		};
/* End PBXGroup section */

/* Begin PBXHeadersBuildPhase section */
		559F590530747E8D00F0EC6E /* Headers */ = {
			isa = PBXHeadersBuildPhase;
			buildActionMask = 2147483647;
			files = (
			);
			runOnlyForDeploymentPostprocessing = 0;
		};
/* End PBXHeadersBuildPhase section */

/* Begin PBXNativeTarget section */
		551573DD273B5D490048F779 /* ReminderRx */ = {
			isa = PBXNativeTarget;
			buildConfigurationList = 551573EC273B5D4A0048F779 /* Build configuration list for PBXNativeTarget "ReminderRx" */;
			buildPhases = (
				551573DA273B5D490048F779 /* Sources */,
				551573DB273B5D490048F779 /* Frameworks */,
				551573DC273B5D490048F779 /* Resources */,
				559F58F830747E5200F0EC6E /* Embed Foundation Extensions */,
				559F591530747E8D00F0EC6E /* Embed Frameworks */,
			);
			buildRules = (
			);
			dependencies = (
				559F58F230747E5200F0EC6E /* PBXTargetDependency */,
				559F590F30747E8D00F0EC6E /* PBXTargetDependency */,
			);
			name = ReminderRx;
			productName = ReminderRx;
			productReference = 551573DE273B5D490048F779 /* Script Tracker.app */;
			productType = "com.apple.product-type.application";
		};
		559F58E230747E5200F0EC6E /* ReminderRxWidgetsExtension */ = {
			isa = PBXNativeTarget;
			buildConfigurationList = 559F58F530747E5200F0EC6E /* Build configuration list for PBXNativeTarget "ReminderRxWidgetsExtension" */;
			buildPhases = (
				559F58DF30747E5200F0EC6E /* Sources */,
				559F58E030747E5200F0EC6E /* Frameworks */,
				559F58E130747E5200F0EC6E /* Resources */,
			);
			buildRules = (
			);
			dependencies = (
			);
			fileSystemSynchronizedGroups = (
				559F58E930747E5200F0EC6E /* ReminderRxWidgets */,
			);
			name = ReminderRxWidgetsExtension;
			packageProductDependencies = (
			);
			productName = ReminderRxWidgetsExtension;
			productReference = 559F58E330747E5200F0EC6E /* ReminderRxWidgetsExtension.appex */;
			productType = "com.apple.product-type.app-extension";
		};
		559F58FC30747E5800F0EC6E /* ReminderRxTests */ = {
			isa = PBXNativeTarget;
			buildConfigurationList = 559F590130747E5800F0EC6E /* Build configuration list for PBXNativeTarget "ReminderRxTests" */;
			buildPhases = (
				559F58F930747E5800F0EC6E /* Sources */,
				559F58FA30747E5800F0EC6E /* Frameworks */,
				559F58FB30747E5800F0EC6E /* Resources */,
			);
			buildRules = (
			);
			dependencies = (
			);
			fileSystemSynchronizedGroups = (
				559F58FE30747E5800F0EC6E /* ReminderRxTests */,
			);
			name = ReminderRxTests;
			packageProductDependencies = (
			);
			productName = ReminderRxTests;
			productReference = 559F58FD30747E5800F0EC6E /* ReminderRxTests.xctest */;
			productType = "com.apple.product-type.bundle.unit-test";
		};
		559F590930747E8D00F0EC6E /* ReminderRxKit */ = {
			isa = PBXNativeTarget;
			buildConfigurationList = 559F591230747E8D00F0EC6E /* Build configuration list for PBXNativeTarget "ReminderRxKit" */;
			buildPhases = (
				559F590530747E8D00F0EC6E /* Headers */,
				559F590630747E8D00F0EC6E /* Sources */,
				559F590730747E8D00F0EC6E /* Frameworks */,
				559F590830747E8D00F0EC6E /* Resources */,
			);
			buildRules = (
			);
			dependencies = (
			);
			fileSystemSynchronizedGroups = (
				559F590B30747E8D00F0EC6E /* ReminderRxKit */,
			);
			name = ReminderRxKit;
			packageProductDependencies = (
			);
			productName = ReminderRxKit;
			productReference = 559F590A30747E8D00F0EC6E /* ReminderRxKit.framework */;
			productType = "com.apple.product-type.framework";
		};
/* End PBXNativeTarget section */

/* Begin PBXProject section */
		551573D6273B5D490048F779 /* Project object */ = {
			isa = PBXProject;
			attributes = {
				BuildIndependentTargetsInParallel = 1;
				LastSwiftUpdateCheck = 2700;
				LastUpgradeCheck = 1310;
				TargetAttributes = {
					551573DD273B5D490048F779 = {
						CreatedOnToolsVersion = 13.1;
					};
					559F58E230747E5200F0EC6E = {
						CreatedOnToolsVersion = 27.0;
					};
					559F58FC30747E5800F0EC6E = {
						CreatedOnToolsVersion = 27.0;
					};
					559F590930747E8D00F0EC6E = {
						CreatedOnToolsVersion = 27.0;
					};
				};
			};
			buildConfigurationList = 551573D9273B5D490048F779 /* Build configuration list for PBXProject "ReminderRx" */;
			compatibilityVersion = "Xcode 13.0";
			developmentRegion = en;
			hasScannedForEncodings = 0;
			knownRegions = (
				en,
				Base,
			);
			mainGroup = 551573D5273B5D490048F779;
			productRefGroup = 551573DF273B5D490048F779 /* Products */;
			projectDirPath = "";
			projectRoot = "";
			targets = (
				551573DD273B5D490048F779 /* ReminderRx */,
				559F58E230747E5200F0EC6E /* ReminderRxWidgetsExtension */,
				559F58FC30747E5800F0EC6E /* ReminderRxTests */,
				559F590930747E8D00F0EC6E /* ReminderRxKit */,
			);
		};
/* End PBXProject section */

/* Begin PBXResourcesBuildPhase section */
		551573DC273B5D490048F779 /* Resources */ = {
			isa = PBXResourcesBuildPhase;
			buildActionMask = 2147483647;
			files = (
				551573E9273B5D4A0048F779 /* Preview Assets.xcassets in Resources */,
				551573E6273B5D4A0048F779 /* Assets.xcassets in Resources */,
			);
			runOnlyForDeploymentPostprocessing = 0;
		};
		559F58E130747E5200F0EC6E /* Resources */ = {
			isa = PBXResourcesBuildPhase;
			buildActionMask = 2147483647;
			files = (
			);
			runOnlyForDeploymentPostprocessing = 0;
		};
		559F58FB30747E5800F0EC6E /* Resources */ = {
			isa = PBXResourcesBuildPhase;
			buildActionMask = 2147483647;
			files = (
			);
			runOnlyForDeploymentPostprocessing = 0;
		};
		559F590830747E8D00F0EC6E /* Resources */ = {
			isa = PBXResourcesBuildPhase;
			buildActionMask = 2147483647;
			files = (
			);
			runOnlyForDeploymentPostprocessing = 0;
		};
/* End PBXResourcesBuildPhase section */

/* Begin PBXSourcesBuildPhase section */
		551573DA273B5D490048F779 /* Sources */ = {
			isa = PBXSourcesBuildPhase;
			buildActionMask = 2147483647;
			files = (
				559F596F3074855200F0EC6E /* SettingsView.swift in Sources */,
				559F59743074855200F0EC6E /* RootView.swift in Sources */,
				559F59813074871400F0EC6E /* HealthImportView.swift in Sources */,
				559F59443074823D00F0EC6E /* AppDelegate.swift in Sources */,
				559F59533074842D00F0EC6E /* SupplyBar.swift in Sources */,
				559F595D3074845E00F0EC6E /* DoseRow.swift in Sources */,
				559F5966307484C200F0EC6E /* MedicationEditorView.swift in Sources */,
				559F59463074823D00F0EC6E /* NotificationService.swift in Sources */,
				559F59343074803200F0EC6E /* LegacyImporter.swift in Sources */,
				559F5969307484D200F0EC6E /* MedicationsView.swift in Sources */,
				559F59613074847D00F0EC6E /* TodayView.swift in Sources */,
				559F595F3074845E00F0EC6E /* TodayHeader.swift in Sources */,
				559F5964307484C200F0EC6E /* MedicationEditorModel.swift in Sources */,
				551573E2273B5D490048F779 /* ReminderRxApp.swift in Sources */,
				559F59513074842D00F0EC6E /* ProgressRing.swift in Sources */,
				559F597F3074871400F0EC6E /* HealthImportService.swift in Sources */,
				5551DD0B27668E200002E873 /* Prescriptions.xcdatamodeld in Sources */,
				559F595B3074844E00F0EC6E /* DayPeriod.swift in Sources */,
				559F59583074844E00F0EC6E /* AppRouter.swift in Sources */,
				559F59553074842E00F0EC6E /* CelebrationView.swift in Sources */,
				559F596C3074851300F0EC6E /* HistoryView.swift in Sources */,
				559F597D307486A400F0EC6E /* AppShortcuts.swift in Sources */,
				559F594D3074842D00F0EC6E /* Theme.swift in Sources */,
				559F594F3074842D00F0EC6E /* MedIcon.swift in Sources */,
				559F59723074855200F0EC6E /* OnboardingView.swift in Sources */,
			);
			runOnlyForDeploymentPostprocessing = 0;
		};
		559F58DF30747E5200F0EC6E /* Sources */ = {
			isa = PBXSourcesBuildPhase;
			buildActionMask = 2147483647;
			files = (
			);
			runOnlyForDeploymentPostprocessing = 0;
		};
		559F58F930747E5800F0EC6E /* Sources */ = {
			isa = PBXSourcesBuildPhase;
			buildActionMask = 2147483647;
			files = (
			);
			runOnlyForDeploymentPostprocessing = 0;
		};
		559F590630747E8D00F0EC6E /* Sources */ = {
			isa = PBXSourcesBuildPhase;
			buildActionMask = 2147483647;
			files = (
			);
			runOnlyForDeploymentPostprocessing = 0;
		};
/* End PBXSourcesBuildPhase section */

/* Begin PBXTargetDependency section */
		559F58F230747E5200F0EC6E /* PBXTargetDependency */ = {
			isa = PBXTargetDependency;
			target = 559F58E230747E5200F0EC6E /* ReminderRxWidgetsExtension */;
			targetProxy = 559F58F130747E5200F0EC6E /* PBXContainerItemProxy */;
		};
		559F590F30747E8D00F0EC6E /* PBXTargetDependency */ = {
			isa = PBXTargetDependency;
			target = 559F590930747E8D00F0EC6E /* ReminderRxKit */;
			targetProxy = 559F590E30747E8D00F0EC6E /* PBXContainerItemProxy */;
		};
/* End PBXTargetDependency section */

/* Begin XCBuildConfiguration section */
		551573EA273B5D4A0048F779 /* Debug */ = {
			isa = XCBuildConfiguration;
			buildSettings = {
				ALWAYS_SEARCH_USER_PATHS = NO;
				CLANG_ANALYZER_NONNULL = YES;
				CLANG_ANALYZER_NUMBER_OBJECT_CONVERSION = YES_AGGRESSIVE;
				CLANG_CXX_LANGUAGE_STANDARD = "gnu++17";
				CLANG_CXX_LIBRARY = "libc++";
				CLANG_ENABLE_MODULES = YES;
				CLANG_ENABLE_OBJC_ARC = YES;
				CLANG_ENABLE_OBJC_WEAK = YES;
				CLANG_WARN_BLOCK_CAPTURE_AUTORELEASING = YES;
				CLANG_WARN_BOOL_CONVERSION = YES;
				CLANG_WARN_COMMA = YES;
				CLANG_WARN_CONSTANT_CONVERSION = YES;
				CLANG_WARN_DEPRECATED_OBJC_IMPLEMENTATIONS = YES;
				CLANG_WARN_DIRECT_OBJC_ISA_USAGE = YES_ERROR;
				CLANG_WARN_DOCUMENTATION_COMMENTS = YES;
				CLANG_WARN_EMPTY_BODY = YES;
				CLANG_WARN_ENUM_CONVERSION = YES;
				CLANG_WARN_INFINITE_RECURSION = YES;
				CLANG_WARN_INT_CONVERSION = YES;
				CLANG_WARN_NON_LITERAL_NULL_CONVERSION = YES;
				CLANG_WARN_OBJC_IMPLICIT_RETAIN_SELF = YES;
				CLANG_WARN_OBJC_LITERAL_CONVERSION = YES;
				CLANG_WARN_OBJC_ROOT_CLASS = YES_ERROR;
				CLANG_WARN_QUOTED_INCLUDE_IN_FRAMEWORK_HEADER = YES;
				CLANG_WARN_RANGE_LOOP_ANALYSIS = YES;
				CLANG_WARN_STRICT_PROTOTYPES = YES;
				CLANG_WARN_SUSPICIOUS_MOVE = YES;
				CLANG_WARN_UNGUARDED_AVAILABILITY = YES_AGGRESSIVE;
				CLANG_WARN_UNREACHABLE_CODE = YES;
				CLANG_WARN__DUPLICATE_METHOD_MATCH = YES;
				COPY_PHASE_STRIP = NO;
				DEBUG_INFORMATION_FORMAT = dwarf;
				ENABLE_STRICT_OBJC_MSGSEND = YES;
				ENABLE_TESTABILITY = YES;
				GCC_C_LANGUAGE_STANDARD = gnu11;
				GCC_DYNAMIC_NO_PIC = NO;
				GCC_NO_COMMON_BLOCKS = YES;
				GCC_OPTIMIZATION_LEVEL = 0;
				GCC_PREPROCESSOR_DEFINITIONS = (
					"DEBUG=1",
					"$(inherited)",
				);
				GCC_WARN_64_TO_32_BIT_CONVERSION = YES;
				GCC_WARN_ABOUT_RETURN_TYPE = YES_ERROR;
				GCC_WARN_UNDECLARED_SELECTOR = YES;
				GCC_WARN_UNINITIALIZED_AUTOS = YES_AGGRESSIVE;
				GCC_WARN_UNUSED_FUNCTION = YES;
				GCC_WARN_UNUSED_VARIABLE = YES;
				IPHONEOS_DEPLOYMENT_TARGET = 15.2;
				MTL_ENABLE_DEBUG_INFO = INCLUDE_SOURCE;
				MTL_FAST_MATH = YES;
				ONLY_ACTIVE_ARCH = YES;
				SDKROOT = iphoneos;
				SWIFT_ACTIVE_COMPILATION_CONDITIONS = DEBUG;
				SWIFT_OPTIMIZATION_LEVEL = "-Onone";
			};
			name = Debug;
		};
		551573EB273B5D4A0048F779 /* Release */ = {
			isa = XCBuildConfiguration;
			buildSettings = {
				ALWAYS_SEARCH_USER_PATHS = NO;
				CLANG_ANALYZER_NONNULL = YES;
				CLANG_ANALYZER_NUMBER_OBJECT_CONVERSION = YES_AGGRESSIVE;
				CLANG_CXX_LANGUAGE_STANDARD = "gnu++17";
				CLANG_CXX_LIBRARY = "libc++";
				CLANG_ENABLE_MODULES = YES;
				CLANG_ENABLE_OBJC_ARC = YES;
				CLANG_ENABLE_OBJC_WEAK = YES;
				CLANG_WARN_BLOCK_CAPTURE_AUTORELEASING = YES;
				CLANG_WARN_BOOL_CONVERSION = YES;
				CLANG_WARN_COMMA = YES;
				CLANG_WARN_CONSTANT_CONVERSION = YES;
				CLANG_WARN_DEPRECATED_OBJC_IMPLEMENTATIONS = YES;
				CLANG_WARN_DIRECT_OBJC_ISA_USAGE = YES_ERROR;
				CLANG_WARN_DOCUMENTATION_COMMENTS = YES;
				CLANG_WARN_EMPTY_BODY = YES;
				CLANG_WARN_ENUM_CONVERSION = YES;
				CLANG_WARN_INFINITE_RECURSION = YES;
				CLANG_WARN_INT_CONVERSION = YES;
				CLANG_WARN_NON_LITERAL_NULL_CONVERSION = YES;
				CLANG_WARN_OBJC_IMPLICIT_RETAIN_SELF = YES;
				CLANG_WARN_OBJC_LITERAL_CONVERSION = YES;
				CLANG_WARN_OBJC_ROOT_CLASS = YES_ERROR;
				CLANG_WARN_QUOTED_INCLUDE_IN_FRAMEWORK_HEADER = YES;
				CLANG_WARN_RANGE_LOOP_ANALYSIS = YES;
				CLANG_WARN_STRICT_PROTOTYPES = YES;
				CLANG_WARN_SUSPICIOUS_MOVE = YES;
				CLANG_WARN_UNGUARDED_AVAILABILITY = YES_AGGRESSIVE;
				CLANG_WARN_UNREACHABLE_CODE = YES;
				CLANG_WARN__DUPLICATE_METHOD_MATCH = YES;
				COPY_PHASE_STRIP = NO;
				DEBUG_INFORMATION_FORMAT = "dwarf-with-dsym";
				ENABLE_NS_ASSERTIONS = NO;
				ENABLE_STRICT_OBJC_MSGSEND = YES;
				GCC_C_LANGUAGE_STANDARD = gnu11;
				GCC_NO_COMMON_BLOCKS = YES;
				GCC_WARN_64_TO_32_BIT_CONVERSION = YES;
				GCC_WARN_ABOUT_RETURN_TYPE = YES_ERROR;
				GCC_WARN_UNDECLARED_SELECTOR = YES;
				GCC_WARN_UNINITIALIZED_AUTOS = YES_AGGRESSIVE;
				GCC_WARN_UNUSED_FUNCTION = YES;
				GCC_WARN_UNUSED_VARIABLE = YES;
				IPHONEOS_DEPLOYMENT_TARGET = 15.2;
				MTL_ENABLE_DEBUG_INFO = NO;
				MTL_FAST_MATH = YES;
				SDKROOT = iphoneos;
				SWIFT_COMPILATION_MODE = wholemodule;
				SWIFT_OPTIMIZATION_LEVEL = "-O";
				VALIDATE_PRODUCT = YES;
			};
			name = Release;
		};
		551573ED273B5D4A0048F779 /* Debug */ = {
			isa = XCBuildConfiguration;
			buildSettings = {
				ASSETCATALOG_COMPILER_APPICON_NAME = AppIcon;
				ASSETCATALOG_COMPILER_GLOBAL_ACCENT_COLOR_NAME = AccentColor;
				CODE_SIGN_ENTITLEMENTS = ReminderRx/ReminderRx.entitlements;
				CODE_SIGN_STYLE = Automatic;
				CURRENT_PROJECT_VERSION = 5;
				DEVELOPMENT_ASSET_PATHS = "\"ReminderRx/Preview Content\"";
				DEVELOPMENT_TEAM = 6JBM5ZNF6C;
				ENABLE_PREVIEWS = YES;
				GENERATE_INFOPLIST_FILE = YES;
				INFOPLIST_KEY_NSHealthShareUsageDescription = "ReminderRx can import the medications you've already added in the Health app.";
				INFOPLIST_KEY_NSHealthUpdateUsageDescription = "ReminderRx only reads medications from the Health app. It doesn't write any data to Health.";
				INFOPLIST_KEY_ITSAppUsesNonExemptEncryption = NO;
				INFOPLIST_KEY_UIApplicationSceneManifest_Generation = YES;
				INFOPLIST_KEY_UIApplicationSupportsIndirectInputEvents = YES;
				INFOPLIST_KEY_UILaunchScreen_Generation = YES;
				INFOPLIST_KEY_UISupportedInterfaceOrientations_iPad = "UIInterfaceOrientationPortrait UIInterfaceOrientationPortraitUpsideDown UIInterfaceOrientationLandscapeLeft UIInterfaceOrientationLandscapeRight";
				INFOPLIST_KEY_UISupportedInterfaceOrientations_iPhone = "UIInterfaceOrientationPortrait UIInterfaceOrientationLandscapeLeft UIInterfaceOrientationLandscapeRight";
				IPHONEOS_DEPLOYMENT_TARGET = 26.0;
				LD_RUNPATH_SEARCH_PATHS = (
					"$(inherited)",
					"@executable_path/Frameworks",
				);
				MARKETING_VERSION = 2.0;
				PRODUCT_BUNDLE_IDENTIFIER = com.Swifttom.ReminderRx;
				PRODUCT_NAME = "Script Tracker";
				REGISTER_APP_GROUPS = YES;
				SWIFT_APPROACHABLE_CONCURRENCY = YES;
				SWIFT_DEFAULT_ACTOR_ISOLATION = MainActor;
				SWIFT_EMIT_LOC_STRINGS = YES;
				SWIFT_VERSION = 6.0;
				TARGETED_DEVICE_FAMILY = "1,2";
			};
			name = Debug;
		};
		551573EE273B5D4A0048F779 /* Release */ = {
			isa = XCBuildConfiguration;
			buildSettings = {
				ASSETCATALOG_COMPILER_APPICON_NAME = AppIcon;
				ASSETCATALOG_COMPILER_GLOBAL_ACCENT_COLOR_NAME = AccentColor;
				CODE_SIGN_ENTITLEMENTS = ReminderRx/ReminderRx.entitlements;
				CODE_SIGN_STYLE = Automatic;
				CURRENT_PROJECT_VERSION = 5;
				DEVELOPMENT_ASSET_PATHS = "\"ReminderRx/Preview Content\"";
				DEVELOPMENT_TEAM = 6JBM5ZNF6C;
				ENABLE_PREVIEWS = YES;
				GENERATE_INFOPLIST_FILE = YES;
				INFOPLIST_KEY_NSHealthShareUsageDescription = "ReminderRx can import the medications you've already added in the Health app.";
				INFOPLIST_KEY_NSHealthUpdateUsageDescription = "ReminderRx only reads medications from the Health app. It doesn't write any data to Health.";
				INFOPLIST_KEY_ITSAppUsesNonExemptEncryption = NO;
				INFOPLIST_KEY_UIApplicationSceneManifest_Generation = YES;
				INFOPLIST_KEY_UIApplicationSupportsIndirectInputEvents = YES;
				INFOPLIST_KEY_UILaunchScreen_Generation = YES;
				INFOPLIST_KEY_UISupportedInterfaceOrientations_iPad = "UIInterfaceOrientationPortrait UIInterfaceOrientationPortraitUpsideDown UIInterfaceOrientationLandscapeLeft UIInterfaceOrientationLandscapeRight";
				INFOPLIST_KEY_UISupportedInterfaceOrientations_iPhone = "UIInterfaceOrientationPortrait UIInterfaceOrientationLandscapeLeft UIInterfaceOrientationLandscapeRight";
				IPHONEOS_DEPLOYMENT_TARGET = 26.0;
				LD_RUNPATH_SEARCH_PATHS = (
					"$(inherited)",
					"@executable_path/Frameworks",
				);
				MARKETING_VERSION = 2.0;
				PRODUCT_BUNDLE_IDENTIFIER = com.Swifttom.ReminderRx;
				PRODUCT_NAME = "Script Tracker";
				REGISTER_APP_GROUPS = YES;
				SWIFT_APPROACHABLE_CONCURRENCY = YES;
				SWIFT_DEFAULT_ACTOR_ISOLATION = MainActor;
				SWIFT_EMIT_LOC_STRINGS = YES;
				SWIFT_VERSION = 6.0;
				TARGETED_DEVICE_FAMILY = "1,2";
			};
			name = Release;
		};
		559F58F630747E5200F0EC6E /* Debug */ = {
			isa = XCBuildConfiguration;
			buildSettings = {
				ASSETCATALOG_COMPILER_GENERATE_SWIFT_ASSET_SYMBOL_EXTENSIONS = YES;
				ASSETCATALOG_COMPILER_GLOBAL_ACCENT_COLOR_NAME = AccentColor;
				ASSETCATALOG_COMPILER_WIDGET_BACKGROUND_COLOR_NAME = WidgetBackground;
				CLANG_CXX_LANGUAGE_STANDARD = "gnu++20";
				CODE_SIGN_ENTITLEMENTS = ReminderRxWidgetsExtension.entitlements;
				CODE_SIGN_STYLE = Automatic;
				CURRENT_PROJECT_VERSION = 5;
				DEVELOPMENT_TEAM = 6JBM5ZNF6C;
				ENABLE_APP_SANDBOX = YES;
				ENABLE_USER_SCRIPT_SANDBOXING = YES;
				GCC_C_LANGUAGE_STANDARD = gnu17;
				GENERATE_INFOPLIST_FILE = YES;
				INFOPLIST_FILE = ReminderRxWidgets/Info.plist;
				INFOPLIST_KEY_CFBundleDisplayName = ReminderRxWidgets;
				INFOPLIST_KEY_NSHumanReadableCopyright = "";
				IPHONEOS_DEPLOYMENT_TARGET = 26.0;
				LD_RUNPATH_SEARCH_PATHS = (
					"$(inherited)",
					"@executable_path/Frameworks",
					"@executable_path/../../Frameworks",
				);
				"LD_RUNPATH_SEARCH_PATHS[sdk=macosx*]" = (
					"$(inherited)",
					"@executable_path/../Frameworks",
					"@executable_path/../../../../Frameworks",
				);
				LOCALIZATION_PREFERS_STRING_CATALOGS = YES;
				MACOSX_DEPLOYMENT_TARGET = 27.0;
				MARKETING_VERSION = 2.0;
				OTHER_LDFLAGS = (
					"$(inherited)",
					"-framework",
					ReminderRxKit,
				);
				PRODUCT_BUNDLE_IDENTIFIER = com.Swifttom.ReminderRx.ReminderRxWidgets;
				PRODUCT_NAME = "$(TARGET_NAME)";
				REGISTER_APP_GROUPS = YES;
				SDKROOT = auto;
				SKIP_INSTALL = YES;
				STRING_CATALOG_GENERATE_SYMBOLS = YES;
				SUPPORTED_PLATFORMS = "iphoneos iphonesimulator";
				SWIFT_ACTIVE_COMPILATION_CONDITIONS = "DEBUG $(inherited)";
				SWIFT_APPROACHABLE_CONCURRENCY = YES;
				SWIFT_EMIT_LOC_STRINGS = YES;
				SWIFT_UPCOMING_FEATURE_MEMBER_IMPORT_VISIBILITY = YES;
				SWIFT_VERSION = 6.0;
				TARGETED_DEVICE_FAMILY = "1,2";
				XROS_DEPLOYMENT_TARGET = 27.0;
			};
			name = Debug;
		};
		559F58F730747E5200F0EC6E /* Release */ = {
			isa = XCBuildConfiguration;
			buildSettings = {
				ASSETCATALOG_COMPILER_GENERATE_SWIFT_ASSET_SYMBOL_EXTENSIONS = YES;
				ASSETCATALOG_COMPILER_GLOBAL_ACCENT_COLOR_NAME = AccentColor;
				ASSETCATALOG_COMPILER_WIDGET_BACKGROUND_COLOR_NAME = WidgetBackground;
				CLANG_CXX_LANGUAGE_STANDARD = "gnu++20";
				CODE_SIGN_ENTITLEMENTS = ReminderRxWidgetsExtension.entitlements;
				CODE_SIGN_STYLE = Automatic;
				CURRENT_PROJECT_VERSION = 5;
				DEVELOPMENT_TEAM = 6JBM5ZNF6C;
				ENABLE_APP_SANDBOX = YES;
				ENABLE_USER_SCRIPT_SANDBOXING = YES;
				GCC_C_LANGUAGE_STANDARD = gnu17;
				GENERATE_INFOPLIST_FILE = YES;
				INFOPLIST_FILE = ReminderRxWidgets/Info.plist;
				INFOPLIST_KEY_CFBundleDisplayName = ReminderRxWidgets;
				INFOPLIST_KEY_NSHumanReadableCopyright = "";
				IPHONEOS_DEPLOYMENT_TARGET = 26.0;
				LD_RUNPATH_SEARCH_PATHS = (
					"$(inherited)",
					"@executable_path/Frameworks",
					"@executable_path/../../Frameworks",
				);
				"LD_RUNPATH_SEARCH_PATHS[sdk=macosx*]" = (
					"$(inherited)",
					"@executable_path/../Frameworks",
					"@executable_path/../../../../Frameworks",
				);
				LOCALIZATION_PREFERS_STRING_CATALOGS = YES;
				MACOSX_DEPLOYMENT_TARGET = 27.0;
				MARKETING_VERSION = 2.0;
				OTHER_LDFLAGS = (
					"$(inherited)",
					"-framework",
					ReminderRxKit,
				);
				PRODUCT_BUNDLE_IDENTIFIER = com.Swifttom.ReminderRx.ReminderRxWidgets;
				PRODUCT_NAME = "$(TARGET_NAME)";
				REGISTER_APP_GROUPS = YES;
				SDKROOT = auto;
				SKIP_INSTALL = YES;
				STRING_CATALOG_GENERATE_SYMBOLS = YES;
				SUPPORTED_PLATFORMS = "iphoneos iphonesimulator";
				SWIFT_APPROACHABLE_CONCURRENCY = YES;
				SWIFT_EMIT_LOC_STRINGS = YES;
				SWIFT_UPCOMING_FEATURE_MEMBER_IMPORT_VISIBILITY = YES;
				SWIFT_VERSION = 6.0;
				TARGETED_DEVICE_FAMILY = "1,2";
				XROS_DEPLOYMENT_TARGET = 27.0;
			};
			name = Release;
		};
		559F590230747E5800F0EC6E /* Debug */ = {
			isa = XCBuildConfiguration;
			buildSettings = {
				ASSETCATALOG_COMPILER_GENERATE_SWIFT_ASSET_SYMBOL_EXTENSIONS = YES;
				CLANG_CXX_LANGUAGE_STANDARD = "gnu++20";
				CODE_SIGN_STYLE = Automatic;
				CURRENT_PROJECT_VERSION = 1;
				DEVELOPMENT_TEAM = 6JBM5ZNF6C;
				ENABLE_USER_SCRIPT_SANDBOXING = YES;
				GCC_C_LANGUAGE_STANDARD = gnu17;
				GENERATE_INFOPLIST_FILE = YES;
				IPHONEOS_DEPLOYMENT_TARGET = 26.0;
				LOCALIZATION_PREFERS_STRING_CATALOGS = YES;
				MACOSX_DEPLOYMENT_TARGET = 27.0;
				MARKETING_VERSION = 1.0;
				OTHER_LDFLAGS = (
					"$(inherited)",
					"-framework",
					ReminderRxKit,
				);
				PRODUCT_BUNDLE_IDENTIFIER = com.Swifttom.ReminderRxTests;
				PRODUCT_NAME = "$(TARGET_NAME)";
				SDKROOT = auto;
				STRING_CATALOG_GENERATE_SYMBOLS = NO;
				SUPPORTED_PLATFORMS = "iphoneos iphonesimulator";
				SWIFT_ACTIVE_COMPILATION_CONDITIONS = "DEBUG $(inherited)";
				SWIFT_APPROACHABLE_CONCURRENCY = YES;
				SWIFT_EMIT_LOC_STRINGS = NO;
				SWIFT_UPCOMING_FEATURE_MEMBER_IMPORT_VISIBILITY = YES;
				SWIFT_VERSION = 6.0;
				TARGETED_DEVICE_FAMILY = "1,2";
				XROS_DEPLOYMENT_TARGET = 27.0;
			};
			name = Debug;
		};
		559F590330747E5800F0EC6E /* Release */ = {
			isa = XCBuildConfiguration;
			buildSettings = {
				ASSETCATALOG_COMPILER_GENERATE_SWIFT_ASSET_SYMBOL_EXTENSIONS = YES;
				CLANG_CXX_LANGUAGE_STANDARD = "gnu++20";
				CODE_SIGN_STYLE = Automatic;
				CURRENT_PROJECT_VERSION = 1;
				DEVELOPMENT_TEAM = 6JBM5ZNF6C;
				ENABLE_USER_SCRIPT_SANDBOXING = YES;
				GCC_C_LANGUAGE_STANDARD = gnu17;
				GENERATE_INFOPLIST_FILE = YES;
				IPHONEOS_DEPLOYMENT_TARGET = 26.0;
				LOCALIZATION_PREFERS_STRING_CATALOGS = YES;
				MACOSX_DEPLOYMENT_TARGET = 27.0;
				MARKETING_VERSION = 1.0;
				OTHER_LDFLAGS = (
					"$(inherited)",
					"-framework",
					ReminderRxKit,
				);
				PRODUCT_BUNDLE_IDENTIFIER = com.Swifttom.ReminderRxTests;
				PRODUCT_NAME = "$(TARGET_NAME)";
				SDKROOT = auto;
				STRING_CATALOG_GENERATE_SYMBOLS = NO;
				SUPPORTED_PLATFORMS = "iphoneos iphonesimulator";
				SWIFT_APPROACHABLE_CONCURRENCY = YES;
				SWIFT_EMIT_LOC_STRINGS = NO;
				SWIFT_UPCOMING_FEATURE_MEMBER_IMPORT_VISIBILITY = YES;
				SWIFT_VERSION = 6.0;
				TARGETED_DEVICE_FAMILY = "1,2";
				XROS_DEPLOYMENT_TARGET = 27.0;
			};
			name = Release;
		};
		559F591330747E8D00F0EC6E /* Debug */ = {
			isa = XCBuildConfiguration;
			buildSettings = {
				ALLOW_TARGET_PLATFORM_SPECIALIZATION = YES;
				APPLICATION_EXTENSION_API_ONLY = YES;
				ASSETCATALOG_COMPILER_GENERATE_SWIFT_ASSET_SYMBOL_EXTENSIONS = YES;
				BUILD_LIBRARY_FOR_DISTRIBUTION = NO;
				CLANG_CXX_LANGUAGE_STANDARD = "gnu++20";
				CODE_SIGN_STYLE = Automatic;
				CURRENT_PROJECT_VERSION = 5;
				DEVELOPMENT_TEAM = 6JBM5ZNF6C;
				DYLIB_COMPATIBILITY_VERSION = 1;
				DYLIB_CURRENT_VERSION = 1;
				DYLIB_INSTALL_NAME_BASE = "@rpath";
				ENABLE_MODULE_VERIFIER = YES;
				ENABLE_USER_SCRIPT_SANDBOXING = YES;
				GCC_C_LANGUAGE_STANDARD = gnu17;
				GENERATE_INFOPLIST_FILE = YES;
				INFOPLIST_KEY_NSHumanReadableCopyright = "";
				INSTALL_PATH = "$(LOCAL_LIBRARY_DIR)/Frameworks";
				IPHONEOS_DEPLOYMENT_TARGET = 26.0;
				LD_RUNPATH_SEARCH_PATHS = (
					"@executable_path/Frameworks",
					"@loader_path/Frameworks",
				);
				"LD_RUNPATH_SEARCH_PATHS[sdk=macosx*]" = (
					"@executable_path/../Frameworks",
					"@loader_path/Frameworks",
				);
				LOCALIZATION_PREFERS_STRING_CATALOGS = YES;
				MACOSX_DEPLOYMENT_TARGET = 27.0;
				MARKETING_VERSION = 2.0;
				MODULE_VERIFIER_SUPPORTED_LANGUAGES = "objective-c objective-c++";
				MODULE_VERIFIER_SUPPORTED_LANGUAGE_STANDARDS = "gnu17 gnu++20";
				PRODUCT_BUNDLE_IDENTIFIER = com.Swifttom.ReminderRxKit;
				PRODUCT_NAME = "$(TARGET_NAME:c99extidentifier)";
				SDKROOT = auto;
				SKIP_INSTALL = YES;
				STRING_CATALOG_GENERATE_SYMBOLS = YES;
				SUPPORTED_PLATFORMS = "iphoneos iphonesimulator";
				SWIFT_ACTIVE_COMPILATION_CONDITIONS = "DEBUG $(inherited)";
				SWIFT_APPROACHABLE_CONCURRENCY = YES;
				SWIFT_EMIT_LOC_STRINGS = YES;
				SWIFT_INSTALL_MODULE = YES;
				SWIFT_INSTALL_OBJC_HEADER = NO;
				SWIFT_UPCOMING_FEATURE_MEMBER_IMPORT_VISIBILITY = YES;
				SWIFT_VERSION = 6.0;
				TARGETED_DEVICE_FAMILY = "1,2";
				VERSIONING_SYSTEM = "apple-generic";
				VERSION_INFO_PREFIX = "";
				XROS_DEPLOYMENT_TARGET = 27.0;
			};
			name = Debug;
		};
		559F591430747E8D00F0EC6E /* Release */ = {
			isa = XCBuildConfiguration;
			buildSettings = {
				ALLOW_TARGET_PLATFORM_SPECIALIZATION = YES;
				APPLICATION_EXTENSION_API_ONLY = YES;
				ASSETCATALOG_COMPILER_GENERATE_SWIFT_ASSET_SYMBOL_EXTENSIONS = YES;
				BUILD_LIBRARY_FOR_DISTRIBUTION = NO;
				CLANG_CXX_LANGUAGE_STANDARD = "gnu++20";
				CODE_SIGN_STYLE = Automatic;
				CURRENT_PROJECT_VERSION = 5;
				DEVELOPMENT_TEAM = 6JBM5ZNF6C;
				DYLIB_COMPATIBILITY_VERSION = 1;
				DYLIB_CURRENT_VERSION = 1;
				DYLIB_INSTALL_NAME_BASE = "@rpath";
				ENABLE_MODULE_VERIFIER = YES;
				ENABLE_USER_SCRIPT_SANDBOXING = YES;
				GCC_C_LANGUAGE_STANDARD = gnu17;
				GENERATE_INFOPLIST_FILE = YES;
				INFOPLIST_KEY_NSHumanReadableCopyright = "";
				INSTALL_PATH = "$(LOCAL_LIBRARY_DIR)/Frameworks";
				IPHONEOS_DEPLOYMENT_TARGET = 26.0;
				LD_RUNPATH_SEARCH_PATHS = (
					"@executable_path/Frameworks",
					"@loader_path/Frameworks",
				);
				"LD_RUNPATH_SEARCH_PATHS[sdk=macosx*]" = (
					"@executable_path/../Frameworks",
					"@loader_path/Frameworks",
				);
				LOCALIZATION_PREFERS_STRING_CATALOGS = YES;
				MACOSX_DEPLOYMENT_TARGET = 27.0;
				MARKETING_VERSION = 2.0;
				MODULE_VERIFIER_SUPPORTED_LANGUAGES = "objective-c objective-c++";
				MODULE_VERIFIER_SUPPORTED_LANGUAGE_STANDARDS = "gnu17 gnu++20";
				PRODUCT_BUNDLE_IDENTIFIER = com.Swifttom.ReminderRxKit;
				PRODUCT_NAME = "$(TARGET_NAME:c99extidentifier)";
				SDKROOT = auto;
				SKIP_INSTALL = YES;
				STRING_CATALOG_GENERATE_SYMBOLS = YES;
				SUPPORTED_PLATFORMS = "iphoneos iphonesimulator";
				SWIFT_APPROACHABLE_CONCURRENCY = YES;
				SWIFT_EMIT_LOC_STRINGS = YES;
				SWIFT_INSTALL_MODULE = YES;
				SWIFT_INSTALL_OBJC_HEADER = NO;
				SWIFT_UPCOMING_FEATURE_MEMBER_IMPORT_VISIBILITY = YES;
				SWIFT_VERSION = 6.0;
				TARGETED_DEVICE_FAMILY = "1,2";
				VERSIONING_SYSTEM = "apple-generic";
				VERSION_INFO_PREFIX = "";
				XROS_DEPLOYMENT_TARGET = 27.0;
			};
			name = Release;
		};
/* End XCBuildConfiguration section */

/* Begin XCConfigurationList section */
		551573D9273B5D490048F779 /* Build configuration list for PBXProject "ReminderRx" */ = {
			isa = XCConfigurationList;
			buildConfigurations = (
				551573EA273B5D4A0048F779 /* Debug */,
				551573EB273B5D4A0048F779 /* Release */,
			);
			defaultConfigurationIsVisible = 0;
			defaultConfigurationName = Release;
		};
		551573EC273B5D4A0048F779 /* Build configuration list for PBXNativeTarget "ReminderRx" */ = {
			isa = XCConfigurationList;
			buildConfigurations = (
				551573ED273B5D4A0048F779 /* Debug */,
				551573EE273B5D4A0048F779 /* Release */,
			);
			defaultConfigurationIsVisible = 0;
			defaultConfigurationName = Release;
		};
		559F58F530747E5200F0EC6E /* Build configuration list for PBXNativeTarget "ReminderRxWidgetsExtension" */ = {
			isa = XCConfigurationList;
			buildConfigurations = (
				559F58F630747E5200F0EC6E /* Debug */,
				559F58F730747E5200F0EC6E /* Release */,
			);
			defaultConfigurationIsVisible = 0;
			defaultConfigurationName = Release;
		};
		559F590130747E5800F0EC6E /* Build configuration list for PBXNativeTarget "ReminderRxTests" */ = {
			isa = XCConfigurationList;
			buildConfigurations = (
				559F590230747E5800F0EC6E /* Debug */,
				559F590330747E5800F0EC6E /* Release */,
			);
			defaultConfigurationIsVisible = 0;
			defaultConfigurationName = Release;
		};
		559F591230747E8D00F0EC6E /* Build configuration list for PBXNativeTarget "ReminderRxKit" */ = {
			isa = XCConfigurationList;
			buildConfigurations = (
				559F591330747E8D00F0EC6E /* Debug */,
				559F591430747E8D00F0EC6E /* Release */,
			);
			defaultConfigurationIsVisible = 0;
			defaultConfigurationName = Release;
		};
/* End XCConfigurationList section */

/* Begin XCVersionGroup section */
		5551DD0927668E200002E873 /* Prescriptions.xcdatamodeld */ = {
			isa = XCVersionGroup;
			children = (
				5551DD0A27668E200002E873 /* Prescriptions.xcdatamodeld.xcdatamodel */,
			);
			currentVersion = 5551DD0A27668E200002E873 /* Prescriptions.xcdatamodeld.xcdatamodel */;
			path = Prescriptions.xcdatamodeld;
			sourceTree = "<group>";
			versionGroupType = wrapper.xcdatamodel;
		};
/* End XCVersionGroup section */
	};
	rootObject = 551573D6273B5D490048F779 /* Project object */;
}
